
Microsoft Visual Studio Solution File, Format Version 12.00
# Visual Studio Version 17
VisualStudioVersion = 17.10.35013.160
MinimumVisualStudioVersion = 10.0.40219.1
Project("{FAE04EC0-301F-11D3-BF4B-00C04F79EFBC}") = "ShapeCrawlerTextBug", "ShapeCrawlerTextBug\ShapeCrawlerTextBug.csproj", "{855F1927-1573-4487-80A9-1385FD2D0974}"
EndProject
Global
	GlobalSection(SolutionConfigurationPlatforms) = preSolution
		Debug|Any CPU = Debug|Any CPU
		Release|Any CPU = Release|Any CPU
	EndGlobalSection
	GlobalSection(ProjectConfigurationPlatforms) = postSolution
		{855F1927-1573-4487-80A9-1385FD2D0974}.Debug|Any CPU.ActiveCfg = Debug|Any CPU
		{855F1927-1573-4487-80A9-1385FD2D0974}.Debug|Any CPU.Build.0 = Debug|Any CPU
		{855F1927-1573-4487-80A9-1385FD2D0974}.Release|Any CPU.ActiveCfg = Release|Any CPU
		{855F1927-1573-4487-80A9-1385FD2D0974}.Release|Any CPU.Build.0 = Release|Any CPU
	EndGlobalSection
	GlobalSection(SolutionProperties) = preSolution
		HideSolutionNode = FALSE
	EndGlobalSection
	GlobalSection(ExtensibilityGlobals) = postSolution
		SolutionGuid = {CC2EB3EF-923C-4D13-9BA0-68A478201315}
	EndGlobalSection
EndGlobal
